
Microsoft Visual Studio Solution File, Format Version 12.00
# Visual Studio Version 17
VisualStudioVersion = 17.14.36414.22
MinimumVisualStudioVersion = 10.0.40219.1
Project("{FAE04EC0-301F-11D3-BF4B-00C04F79EFBC}") = "IMC.Gui", "IMC.Gui\IMC.Gui.csproj", "{E105BB3F-04A9-4CF8-9851-FC4F2FF31B3B}"
EndProject
Project("{FAE04EC0-301F-11D3-BF4B-00C04F79EFBC}") = "Imc.Console", "Imc.Console\Imc.Console.csproj", "{5097B838-B567-42AD-BA19-4DA4346F06F5}"
EndProject
Project("{FAE04EC0-301F-11D3-BF4B-00C04F79EFBC}") = "Imc.Models", "Imc.Models\Imc.Models.csproj", "{C734E393-E304-4D69-ACB2-610C6141BA57}"
EndProject
Global
	GlobalSection(SolutionConfigurationPlatforms) = preSolution
		Debug|Any CPU = Debug|Any CPU
		Release|Any CPU = Release|Any CPU
	EndGlobalSection
	GlobalSection(ProjectConfigurationPlatforms) = postSolution
		{E105BB3F-04A9-4CF8-9851-FC4F2FF31B3B}.Debug|Any CPU.ActiveCfg = Debug|Any CPU
		{E105BB3F-04A9-4CF8-9851-FC4F2FF31B3B}.Debug|Any CPU.Build.0 = Debug|Any CPU
		{E105BB3F-04A9-4CF8-9851-FC4F2FF31B3B}.Release|Any CPU.ActiveCfg = Release|Any CPU
		{E105BB3F-04A9-4CF8-9851-FC4F2FF31B3B}.Release|Any CPU.Build.0 = Release|Any CPU
		{5097B838-B567-42AD-BA19-4DA4346F06F5}.Debug|Any CPU.ActiveCfg = Debug|Any CPU
		{5097B838-B567-42AD-BA19-4DA4346F06F5}.Debug|Any CPU.Build.0 = Debug|Any CPU
		{5097B838-B567-42AD-BA19-4DA4346F06F5}.Release|Any CPU.ActiveCfg = Release|Any CPU
		{5097B838-B567-42AD-BA19-4DA4346F06F5}.Release|Any CPU.Build.0 = Release|Any CPU
		{C734E393-E304-4D69-ACB2-610C6141BA57}.Debug|Any CPU.ActiveCfg = Debug|Any CPU
		{C734E393-E304-4D69-ACB2-610C6141BA57}.Debug|Any CPU.Build.0 = Debug|Any CPU
		{C734E393-E304-4D69-ACB2-610C6141BA57}.Release|Any CPU.ActiveCfg = Release|Any CPU
		{C734E393-E304-4D69-ACB2-610C6141BA57}.Release|Any CPU.Build.0 = Release|Any CPU
	EndGlobalSection
	GlobalSection(SolutionProperties) = preSolution
		HideSolutionNode = FALSE
	EndGlobalSection
	GlobalSection(ExtensibilityGlobals) = postSolution
		SolutionGuid = {05D8C0DE-C902-4A33-9218-926A2AE0D40F}
	EndGlobalSection
EndGlobal
